
Microsoft Visual Studio Solution File, Format Version 12.00
# Visual Studio Version 17
VisualStudioVersion = 17.10.34928.147
MinimumVisualStudioVersion = 10.0.40219.1
Project("{FAE04EC0-301F-11D3-BF4B-00C04F79EFBC}") = "Quiz", "Quiz.csproj", "{589208B4-30A2-4400-B557-0380D8ACADFF}"
EndProject
Global
	GlobalSection(SolutionConfigurationPlatforms) = preSolution
		Debug|Any CPU = Debug|Any CPU
		Release|Any CPU = Release|Any CPU
	EndGlobalSection
	GlobalSection(ProjectConfigurationPlatforms) = postSolution
		{589208B4-30A2-4400-B557-0380D8ACADFF}.Debug|Any CPU.ActiveCfg = Debug|Any CPU
		{589208B4-30A2-4400-B557-0380D8ACADFF}.Debug|Any CPU.Build.0 = Debug|Any CPU
		{589208B4-30A2-4400-B557-0380D8ACADFF}.Release|Any CPU.ActiveCfg = Release|Any CPU
		{589208B4-30A2-4400-B557-0380D8ACADFF}.Release|Any CPU.Build.0 = Release|Any CPU
	EndGlobalSection
	GlobalSection(SolutionProperties) = preSolution
		HideSolutionNode = FALSE
	EndGlobalSection
	GlobalSection(ExtensibilityGlobals) = postSolution
		SolutionGuid = {977158B5-68DA-4900-8409-27CFE098B0C6}
	EndGlobalSection
EndGlobal
